{
  "nodes": {
    "agenix": {
      "inputs": {
        "nixpkgs": "nixpkgs"
      },
      "locked": {
        "lastModified": 1652712410,
        "narHash": "sha256-hMJ2TqLt0DleEnQFGUHK9sV2aAzJPU8pZeiZoqRozbE=",
        "owner": "ryantm",
        "repo": "agenix",
        "rev": "7e5e58b98c3dcbf497543ff6f22591552ebfe65b",
        "type": "github"
      },
      "original": {
        "owner": "ryantm",
        "repo": "agenix",
        "type": "github"
      }
    },
    "base16": {
      "inputs": {
        "nixpkgs": [
          "nixpkgs"
        ]
      },
      "locked": {
        "lastModified": 1658847131,
        "narHash": "sha256-X6Mml7cT0YR3WCD5fkUhpRVV5ZPcwdcDsND8r8xMqTE=",
        "owner": "SenchoPens",
        "repo": "base16.nix",
        "rev": "6b404cda2e04ca3cf5ca7b877af9c469e1386acb",
        "type": "github"
      },
      "original": {
        "owner": "SenchoPens",
        "repo": "base16.nix",
        "type": "github"
      }
    },
    "base16-i3": {
      "flake": false,
      "locked": {
        "lastModified": 1655853962,
        "narHash": "sha256-MF26th9rMIzvT1KNdElshHPFvbSPH20dtqO/dSdoaCk=",
        "owner": "khamer",
        "repo": "base16-i3",
        "rev": "ef4ff411aa3ef4ea2183a3387d87754ab7ca075b",
        "type": "github"
      },
      "original": {
        "owner": "khamer",
        "repo": "base16-i3",
        "type": "github"
      }
    },
    "base16-vim": {
      "flake": false,
      "locked": {
        "lastModified": 1657268186,
        "narHash": "sha256-Hxr9lmEeO+OBEnD6tqFNhc0q9FEa6GLWWdAlluwTyNo=",
        "owner": "chriskempson",
        "repo": "base16-vim",
        "rev": "c156b909af619cdd097d8d1e2cd1dce1f45dfba1",
        "type": "github"
      },
      "original": {
        "owner": "chriskempson",
        "repo": "base16-vim",
        "type": "github"
      }
    },
    "base16-zathura": {
      "flake": false,
      "locked": {
        "lastModified": 1643130739,
        "narHash": "sha256-nVJoygnytYN40VHXpAFwO7ruVbaSydeR547MU45VSuY=",
        "owner": "haozeke",
        "repo": "base16-zathura",
        "rev": "9f148b4001dc67d399e645919225943d47e50125",
        "type": "github"
      },
      "original": {
        "owner": "haozeke",
        "repo": "base16-zathura",
        "type": "github"
      }
    },
    "blobs": {
      "flake": false,
      "locked": {
        "lastModified": 1604995301,
        "narHash": "sha256-wcLzgLec6SGJA8fx1OEN1yV/Py5b+U5iyYpksUY/yLw=",
        "owner": "simple-nixos-mailserver",
        "repo": "blobs",
        "rev": "2cccdf1ca48316f2cfd1c9a0017e8de5a7156265",
        "type": "gitlab"
      },
      "original": {
        "owner": "simple-nixos-mailserver",
        "repo": "blobs",
        "type": "gitlab"
      }
    },
    "deploy-rs": {
      "inputs": {
        "flake-compat": "flake-compat",
        "nixpkgs": "nixpkgs_2",
        "utils": "utils"
      },
      "locked": {
        "lastModified": 1659725433,
        "narHash": "sha256-1ZxuK67TL29YLw88vQ18Y2Y6iYg8Jb7I6/HVzmNB6nM=",
        "owner": "serokell",
        "repo": "deploy-rs",
        "rev": "41f15759dd8b638e7b4f299730d94d5aa46ab7eb",
        "type": "github"
      },
      "original": {
        "owner": "serokell",
        "repo": "deploy-rs",
        "type": "github"
      }
    },
    "fix-ms-backend": {
      "inputs": {
        "flake-utils": "flake-utils",
        "nixpkgs": "nixpkgs_3"
      },
      "locked": {
        "lastModified": 1663961812,
        "narHash": "sha256-GGTOUGvsyQmHRiYmb7MdZ8ovhWWhd8N6uW3Th+pNHGI=",
        "owner": "Fix-MS",
        "repo": "backend",
        "rev": "76f24b0f2715dd438eb72aa5bc16b6d7f01c0be1",
        "type": "github"
      },
      "original": {
        "owner": "Fix-MS",
        "ref": "deployment",
        "repo": "backend",
        "type": "github"
      }
    },
    "fix-ms-frontend": {
      "inputs": {
        "flake-utils": "flake-utils_2",
        "nixpkgs": "nixpkgs_4"
      },
      "locked": {
        "lastModified": 1664033116,
        "narHash": "sha256-VDaPNtZ5BVmOPU46Z1XH/c9EFm4IPtj27hXGZc+NDjI=",
        "owner": "Fix-MS",
        "repo": "app",
        "rev": "af1589bb3a0653c37e65157c74f8a282b8c4890e",
        "type": "github"
      },
      "original": {
        "owner": "Fix-MS",
        "repo": "app",
        "type": "github"
      }
    },
    "fix-ms-prasentation": {
      "flake": false,
      "locked": {
        "lastModified": 1664032723,
        "narHash": "sha256-JsjhCMD1BRko+xCliXezBHgtxzgIysoV7uZfI2pljiU=",
        "owner": "Fix-MS",
        "repo": "prasentation",
        "rev": "6af451b46057794f3a2424926bc489fb505da531",
        "type": "github"
      },
      "original": {
        "owner": "Fix-MS",
        "repo": "prasentation",
        "type": "github"
      }
    },
    "flake-compat": {
      "flake": false,
      "locked": {
        "lastModified": 1648199409,
        "narHash": "sha256-JwPKdC2PoVBkG6E+eWw3j6BMR6sL3COpYWfif7RVb8Y=",
        "owner": "edolstra",
        "repo": "flake-compat",
        "rev": "64a525ee38886ab9028e6f61790de0832aa3ef03",
        "type": "github"
      },
      "original": {
        "owner": "edolstra",
        "repo": "flake-compat",
        "type": "github"
      }
    },
    "flake-utils": {
      "locked": {
        "lastModified": 1659877975,
        "narHash": "sha256-zllb8aq3YO3h8B/U0/J1WBgAL8EX5yWf5pMj3G0NAmc=",
        "owner": "numtide",
        "repo": "flake-utils",
        "rev": "c0e246b9b83f637f4681389ecabcb2681b4f3af0",
        "type": "github"
      },
      "original": {
        "owner": "numtide",
        "repo": "flake-utils",
        "type": "github"
      }
    },
    "flake-utils_2": {
      "locked": {
        "lastModified": 1659877975,
        "narHash": "sha256-zllb8aq3YO3h8B/U0/J1WBgAL8EX5yWf5pMj3G0NAmc=",
        "owner": "numtide",
        "repo": "flake-utils",
        "rev": "c0e246b9b83f637f4681389ecabcb2681b4f3af0",
        "type": "github"
      },
      "original": {
        "owner": "numtide",
        "repo": "flake-utils",
        "type": "github"
      }
    },
    "flake-utils_3": {
      "locked": {
        "lastModified": 1659877975,
        "narHash": "sha256-zllb8aq3YO3h8B/U0/J1WBgAL8EX5yWf5pMj3G0NAmc=",
        "owner": "numtide",
        "repo": "flake-utils",
        "rev": "c0e246b9b83f637f4681389ecabcb2681b4f3af0",
        "type": "github"
      },
      "original": {
        "owner": "numtide",
        "repo": "flake-utils",
        "type": "github"
      }
    },
    "flake-utils_4": {
      "locked": {
        "lastModified": 1649676176,
        "narHash": "sha256-OWKJratjt2RW151VUlJPRALb7OU2S5s+f0vLj4o1bHM=",
        "owner": "numtide",
        "repo": "flake-utils",
        "rev": "a4b154ebbdc88c8498a5c7b01589addc9e9cb678",
        "type": "github"
      },
      "original": {
        "owner": "numtide",
        "repo": "flake-utils",
        "type": "github"
      }
    },
    "home-manager": {
      "inputs": {
        "nixpkgs": [
          "nixpkgs"
        ]
      },
      "locked": {
        "lastModified": 1646616315,
        "narHash": "sha256-A1g4AjM/4kVWBzfCx9HqCszVFlcsk+C9NHG3X6hRjaI=",
        "owner": "nix-community",
        "repo": "home-manager",
        "rev": "454abeb5a891b2b56f10a30f2a846e8341cbfe9b",
        "type": "github"
      },
      "original": {
        "owner": "nix-community",
        "ref": "release-21.05",
        "repo": "home-manager",
        "type": "github"
      }
    },
    "impermanence": {
      "locked": {
        "lastModified": 1646131459,
        "narHash": "sha256-GPmgxvUFvQ1GmsGfWHy9+rcxWrczeDhS9XnAIPHi9XQ=",
        "owner": "nix-community",
        "repo": "impermanence",
        "rev": "2f39baeb7d039fda5fc8225111bb79474138e6f4",
        "type": "github"
      },
      "original": {
        "owner": "nix-community",
        "repo": "impermanence",
        "type": "github"
      }
    },
    "itpms-site": {
      "inputs": {
        "flake-utils": "flake-utils_4",
        "nixpkgs": "nixpkgs_5"
      },
      "locked": {
        "lastModified": 1658862205,
        "narHash": "sha256-jXL7prV0ilDwpIwfaSUXW3BThzBpdte3j+xttBLaWmY=",
        "owner": "itpms",
        "repo": "website",
        "rev": "a1bc9de0ca6bfb9c19f862e6ff2c66176e9d137c",
        "type": "gitlab"
      },
      "original": {
        "owner": "itpms",
        "repo": "website",
        "type": "gitlab"
      }
    },
    "nixpkgs": {
      "locked": {
        "lastModified": 1638587357,
        "narHash": "sha256-2ySMW3QARG8BsRPmwe7clTbdCuaObromOKewykP+UJc=",
        "owner": "nixos",
        "repo": "nixpkgs",
        "rev": "e34c5379866833f41e2a36f309912fa675d687c7",
        "type": "github"
      },
      "original": {
        "owner": "nixos",
        "ref": "nixos-21.11",
        "repo": "nixpkgs",
        "type": "github"
      }
    },
    "nixpkgs-22_05": {
      "locked": {
        "lastModified": 1654936503,
        "narHash": "sha256-soKzdhI4jTHv/rSbh89RdlcJmrPgH8oMb/PLqiqIYVQ=",
        "owner": "NixOS",
        "repo": "nixpkgs",
        "rev": "dab6df51387c3878cdea09f43589a15729cae9f4",
        "type": "github"
      },
      "original": {
        "id": "nixpkgs",
        "ref": "nixos-22.05",
        "type": "indirect"
      }
    },
    "nixpkgs_2": {
      "locked": {
        "lastModified": 1648219316,
        "narHash": "sha256-Ctij+dOi0ZZIfX5eMhgwugfvB+WZSrvVNAyAuANOsnQ=",
        "owner": "NixOS",
        "repo": "nixpkgs",
        "rev": "30d3d79b7d3607d56546dd2a6b49e156ba0ec634",
        "type": "github"
      },
      "original": {
        "owner": "NixOS",
        "ref": "nixpkgs-unstable",
        "repo": "nixpkgs",
        "type": "github"
      }
    },
    "nixpkgs_3": {
      "locked": {
        "lastModified": 1663935098,
        "narHash": "sha256-y7hcXingJe4BxGogJgHNxQSxvqxWlSRR6qwSSITi7nU=",
        "owner": "nixos",
        "repo": "nixpkgs",
        "rev": "a358176c5054d3e3249bf3f1a320f209230cc7e9",
        "type": "github"
      },
      "original": {
        "owner": "nixos",
        "repo": "nixpkgs",
        "type": "github"
      }
    },
    "nixpkgs_4": {
      "locked": {
        "lastModified": 1663966986,
        "narHash": "sha256-CZbBltxQgtNXChftCiWgQU6JFarF/3Cjt/MuoV3HoWc=",
        "owner": "nixos",
        "repo": "nixpkgs",
        "rev": "8cc58a4b1e4532d9a97a7db895092fcbeb812610",
        "type": "github"
      },
      "original": {
        "owner": "nixos",
        "ref": "master",
        "repo": "nixpkgs",
        "type": "github"
      }
    },
    "nixpkgs_5": {
      "locked": {
        "lastModified": 1652226299,
        "narHash": "sha256-+hLclBH6CNUUD5DxSH99DqZUB0c5wHaSCRYOp3m0ML0=",
        "owner": "nixos",
        "repo": "nixpkgs",
        "rev": "83b213efd12aedab721f02154123c54d3a1e4e7b",
        "type": "github"
      },
      "original": {
        "owner": "nixos",
        "repo": "nixpkgs",
        "type": "github"
      }
    },
    "nixpkgs_6": {
      "locked": {
        "lastModified": 1660162369,
        "narHash": "sha256-pZukMP4zCA1FaBg0xHxf7KdE/Nv/C5YbDID7h2L8O7A=",
        "owner": "nixos",
        "repo": "nixpkgs",
        "rev": "3a11db5f408095b8f08b098ec2066947f4b72ce2",
        "type": "github"
      },
      "original": {
        "owner": "nixos",
        "ref": "nixos-unstable",
        "repo": "nixpkgs",
        "type": "github"
      }
    },
    "nixpkgs_7": {
      "locked": {
        "lastModified": 1642635915,
        "narHash": "sha256-vabPA32j81xBO5m3+qXndWp5aqepe+vu96Wkd9UnngM=",
        "owner": "NixOS",
        "repo": "nixpkgs",
        "rev": "6d8215281b2f87a5af9ed7425a26ac575da0438f",
        "type": "github"
      },
      "original": {
        "id": "nixpkgs",
        "ref": "nixos-unstable",
        "type": "indirect"
      }
    },
    "nur": {
      "locked": {
        "lastModified": 1660201232,
        "narHash": "sha256-gIPgoo12oDIHPwtJZ1EzPLOdTd+oI3nnuSR47GAZRxc=",
        "owner": "nix-community",
        "repo": "nur",
        "rev": "a654e99daa3768fac132f3e2cab9166676686f38",
        "type": "github"
      },
      "original": {
        "owner": "nix-community",
        "repo": "nur",
        "type": "github"
      }
    },
    "root": {
      "inputs": {
        "agenix": "agenix",
        "base16": "base16",
        "base16-i3": "base16-i3",
        "base16-vim": "base16-vim",
        "base16-zathura": "base16-zathura",
        "deploy-rs": "deploy-rs",
        "fix-ms-backend": "fix-ms-backend",
        "fix-ms-frontend": "fix-ms-frontend",
        "fix-ms-prasentation": "fix-ms-prasentation",
        "flake-utils": "flake-utils_3",
        "home-manager": "home-manager",
        "impermanence": "impermanence",
        "itpms-site": "itpms-site",
        "nixpkgs": "nixpkgs_6",
        "nur": "nur",
        "simple-nixos-mailserver": "simple-nixos-mailserver",
        "theme": "theme"
      }
    },
    "simple-nixos-mailserver": {
      "inputs": {
        "blobs": "blobs",
        "nixpkgs": "nixpkgs_7",
        "nixpkgs-22_05": "nixpkgs-22_05",
        "utils": "utils_2"
      },
      "locked": {
        "lastModified": 1658267644,
        "narHash": "sha256-NJRe1rnlF112eZwxNASlRL8/ghwD8g+lpHIYRkWQxC8=",
        "owner": "simple-nixos-mailserver",
        "repo": "nixos-mailserver",
        "rev": "004c229ca44c069d93c92abf67ff1619fb508c6a",
        "type": "gitlab"
      },
      "original": {
        "owner": "simple-nixos-mailserver",
        "repo": "nixos-mailserver",
        "type": "gitlab"
      }
    },
    "theme": {
      "flake": false,
      "locked": {
        "lastModified": 1482444882,
        "narHash": "sha256-7oWWosW/SthhLsdgzIVB9jPVHN5LbZcSDhBntUlPNJw=",
        "owner": "jcornwall",
        "repo": "base16-woodland-scheme",
        "rev": "0278e12a49f4cf38ecf3026a1e35f4307e928d33",
        "type": "github"
      },
      "original": {
        "owner": "jcornwall",
        "repo": "base16-woodland-scheme",
        "type": "github"
      }
    },
    "utils": {
      "locked": {
        "lastModified": 1648297722,
        "narHash": "sha256-W+qlPsiZd8F3XkzXOzAoR+mpFqzm3ekQkJNa+PIh1BQ=",
        "owner": "numtide",
        "repo": "flake-utils",
        "rev": "0f8662f1319ad6abf89b3380dd2722369fc51ade",
        "type": "github"
      },
      "original": {
        "owner": "numtide",
        "repo": "flake-utils",
        "type": "github"
      }
    },
    "utils_2": {
      "locked": {
        "lastModified": 1605370193,
        "narHash": "sha256-YyMTf3URDL/otKdKgtoMChu4vfVL3vCMkRqpGifhUn0=",
        "owner": "numtide",
        "repo": "flake-utils",
        "rev": "5021eac20303a61fafe17224c087f5519baed54d",
        "type": "github"
      },
      "original": {
        "owner": "numtide",
        "repo": "flake-utils",
        "type": "github"
      }
    }
  },
  "root": "root",
  "version": 7
}
